// !$*UTF8*$!
{
	archiveVersion = 1;
	classes = {
	};
	objectVersion = 51;
	objects = {

/* Begin PBXBuildFile section */
		C7E9F458246B013171ED541C /* Pods_FeatureImplTest.framework in Frameworks */ = {isa = PBXBuildFile; fileRef = 6877144F10E8B7222E655B46 /* Pods_FeatureImplTest.framework */; };
		F0B3FE72247439AF00DA0B60 /* AppDelegate.swift in Sources */ = {isa = PBXBuildFile; fileRef = F0B3FE71247439AF00DA0B60 /* AppDelegate.swift */; };
		F0B3FE76247439AF00DA0B60 /* LaunchingController.swift in Sources */ = {isa = PBXBuildFile; fileRef = F0B3FE75247439AF00DA0B60 /* LaunchingController.swift */; };
		F0B3FE7B247439B000DA0B60 /* Assets.xcassets in Resources */ = {isa = PBXBuildFile; fileRef = F0B3FE7A247439B000DA0B60 /* Assets.xcassets */; };
		F0B3FE7E247439B000DA0B60 /* LaunchScreen.storyboard in Resources */ = {isa = PBXBuildFile; fileRef = F0B3FE7C247439B000DA0B60 /* LaunchScreen.storyboard */; };
		F0D0E88424755B3800E0BA60 /* MapScreenController.swift in Sources */ = {isa = PBXBuildFile; fileRef = F0D0E88324755B3800E0BA60 /* MapScreenController.swift */; };
		F0D0E88624755B4500E0BA60 /* MapScreenView.swift in Sources */ = {isa = PBXBuildFile; fileRef = F0D0E88524755B4500E0BA60 /* MapScreenView.swift */; };
		F0D0E88824755C1800E0BA60 /* ChartTableScreenView.swift in Sources */ = {isa = PBXBuildFile; fileRef = F0D0E88724755C1800E0BA60 /* ChartTableScreenView.swift */; };
		F0D0E88A24755C2800E0BA60 /* ChartTableScreenViewController.swift in Sources */ = {isa = PBXBuildFile; fileRef = F0D0E88924755C2800E0BA60 /* ChartTableScreenViewController.swift */; };
		F0D0E89224757C4900E0BA60 /* UIView+Ext.swift in Sources */ = {isa = PBXBuildFile; fileRef = F0D0E89124757C4900E0BA60 /* UIView+Ext.swift */; };
/* End PBXBuildFile section */

/* Begin PBXFileReference section */
		0283A61BB7E0A278BD6B9D44 /* Pods-FeatureImplTest.debug.xcconfig */ = {isa = PBXFileReference; includeInIndex = 1; lastKnownFileType = text.xcconfig; name = "Pods-FeatureImplTest.debug.xcconfig"; path = "Target Support Files/Pods-FeatureImplTest/Pods-FeatureImplTest.debug.xcconfig"; sourceTree = "<group>"; };
		6877144F10E8B7222E655B46 /* Pods_FeatureImplTest.framework */ = {isa = PBXFileReference; explicitFileType = wrapper.framework; includeInIndex = 0; path = Pods_FeatureImplTest.framework; sourceTree = BUILT_PRODUCTS_DIR; };
		88F44C5502CF809E1D913F6C /* Pods-FeatureImplTest.release.xcconfig */ = {isa = PBXFileReference; includeInIndex = 1; lastKnownFileType = text.xcconfig; name = "Pods-FeatureImplTest.release.xcconfig"; path = "Target Support Files/Pods-FeatureImplTest/Pods-FeatureImplTest.release.xcconfig"; sourceTree = "<group>"; };
		F0B3FE6E247439AF00DA0B60 /* FeatureImplTest.app */ = {isa = PBXFileReference; explicitFileType = wrapper.application; includeInIndex = 0; path = FeatureImplTest.app; sourceTree = BUILT_PRODUCTS_DIR; };
		F0B3FE71247439AF00DA0B60 /* AppDelegate.swift */ = {isa = PBXFileReference; lastKnownFileType = sourcecode.swift; path = AppDelegate.swift; sourceTree = "<group>"; };
		F0B3FE75247439AF00DA0B60 /* LaunchingController.swift */ = {isa = PBXFileReference; lastKnownFileType = sourcecode.swift; path = LaunchingController.swift; sourceTree = "<group>"; };
		F0B3FE7A247439B000DA0B60 /* Assets.xcassets */ = {isa = PBXFileReference; lastKnownFileType = folder.assetcatalog; path = Assets.xcassets; sourceTree = "<group>"; };
		F0B3FE7D247439B000DA0B60 /* Base */ = {isa = PBXFileReference; lastKnownFileType = file.storyboard; name = Base; path = Base.lproj/LaunchScreen.storyboard; sourceTree = "<group>"; };
		F0B3FE7F247439B000DA0B60 /* Info.plist */ = {isa = PBXFileReference; lastKnownFileType = text.plist.xml; path = Info.plist; sourceTree = "<group>"; };
		F0D0E88324755B3800E0BA60 /* MapScreenController.swift */ = {isa = PBXFileReference; lastKnownFileType = sourcecode.swift; path = MapScreenController.swift; sourceTree = "<group>"; };
		F0D0E88524755B4500E0BA60 /* MapScreenView.swift */ = {isa = PBXFileReference; lastKnownFileType = sourcecode.swift; path = MapScreenView.swift; sourceTree = "<group>"; };
		F0D0E88724755C1800E0BA60 /* ChartTableScreenView.swift */ = {isa = PBXFileReference; lastKnownFileType = sourcecode.swift; path = ChartTableScreenView.swift; sourceTree = "<group>"; };
		F0D0E88924755C2800E0BA60 /* ChartTableScreenViewController.swift */ = {isa = PBXFileReference; lastKnownFileType = sourcecode.swift; path = ChartTableScreenViewController.swift; sourceTree = "<group>"; };
		F0D0E89124757C4900E0BA60 /* UIView+Ext.swift */ = {isa = PBXFileReference; lastKnownFileType = sourcecode.swift; path = "UIView+Ext.swift"; sourceTree = "<group>"; };
/* End PBXFileReference section */

/* Begin PBXFrameworksBuildPhase section */
		F0B3FE6B247439AF00DA0B60 /* Frameworks */ = {
			isa = PBXFrameworksBuildPhase;
			buildActionMask = 2147483647;
			files = (
				C7E9F458246B013171ED541C /* Pods_FeatureImplTest.framework in Frameworks */,
			);
			runOnlyForDeploymentPostprocessing = 0;
		};
/* End PBXFrameworksBuildPhase section */

/* Begin PBXGroup section */
		97AB5A070BB07717A7CF14EC /* Pods */ = {
			isa = PBXGroup;
			children = (
				0283A61BB7E0A278BD6B9D44 /* Pods-FeatureImplTest.debug.xcconfig */,
				88F44C5502CF809E1D913F6C /* Pods-FeatureImplTest.release.xcconfig */,
			);
			path = Pods;
			sourceTree = "<group>";
		};
		9A17A9460249ABE78A270F7A /* Frameworks */ = {
			isa = PBXGroup;
			children = (
				6877144F10E8B7222E655B46 /* Pods_FeatureImplTest.framework */,
			);
			name = Frameworks;
			sourceTree = "<group>";
		};
		F0B3FE65247439AF00DA0B60 = {
			isa = PBXGroup;
			children = (
				F0B3FE70247439AF00DA0B60 /* FeatureImplTest */,
				F0B3FE6F247439AF00DA0B60 /* Products */,
				97AB5A070BB07717A7CF14EC /* Pods */,
				9A17A9460249ABE78A270F7A /* Frameworks */,
			);
			sourceTree = "<group>";
		};
		F0B3FE6F247439AF00DA0B60 /* Products */ = {
			isa = PBXGroup;
			children = (
				F0B3FE6E247439AF00DA0B60 /* FeatureImplTest.app */,
			);
			name = Products;
			sourceTree = "<group>";
		};
		F0B3FE70247439AF00DA0B60 /* FeatureImplTest */ = {
			isa = PBXGroup;
			children = (
				F0D0E88B24756CCD00E0BA60 /* Utilities */,
				F0B3FE8A2474626400DA0B60 /* Resources */,
				F0B3FE892474624400DA0B60 /* Supporting Files */,
				F0B3FE882474621400DA0B60 /* Screens */,
				F0B3FE71247439AF00DA0B60 /* AppDelegate.swift */,
			);
			path = FeatureImplTest;
			sourceTree = "<group>";
		};
		F0B3FE882474621400DA0B60 /* Screens */ = {
			isa = PBXGroup;
			children = (
				F0D0E8932475860900E0BA60 /* SideMenu */,
				F0B3FE8C247462E000DA0B60 /* Launch Screen */,
				F0B3FE8B2474626F00DA0B60 /* Landing */,
			);
			path = Screens;
			sourceTree = "<group>";
		};
		F0B3FE892474624400DA0B60 /* Supporting Files */ = {
			isa = PBXGroup;
			children = (
				F0B3FE7F247439B000DA0B60 /* Info.plist */,
			);
			path = "Supporting Files";
			sourceTree = "<group>";
		};
		F0B3FE8A2474626400DA0B60 /* Resources */ = {
			isa = PBXGroup;
			children = (
				F0B3FE7A247439B000DA0B60 /* Assets.xcassets */,
			);
			path = Resources;
			sourceTree = "<group>";
		};
		F0B3FE8B2474626F00DA0B60 /* Landing */ = {
			isa = PBXGroup;
			children = (
				F0B3FE8D24746A2D00DA0B60 /* Tabs */,
				F0B3FE75247439AF00DA0B60 /* LaunchingController.swift */,
			);
			path = Landing;
			sourceTree = "<group>";
		};
		F0B3FE8C247462E000DA0B60 /* Launch Screen */ = {
			isa = PBXGroup;
			children = (
				F0B3FE7C247439B000DA0B60 /* LaunchScreen.storyboard */,
			);
			path = "Launch Screen";
			sourceTree = "<group>";
		};
		F0B3FE8D24746A2D00DA0B60 /* Tabs */ = {
			isa = PBXGroup;
			children = (
				F0D0E8812475598E00E0BA60 /* ChartTableScreen */,
				F0D0E8802475598200E0BA60 /* MapScreen */,
			);
			path = Tabs;
			sourceTree = "<group>";
		};
		F0D0E8802475598200E0BA60 /* MapScreen */ = {
			isa = PBXGroup;
			children = (
				F0D0E88324755B3800E0BA60 /* MapScreenController.swift */,
				F0D0E88524755B4500E0BA60 /* MapScreenView.swift */,
			);
			path = MapScreen;
			sourceTree = "<group>";
		};
		F0D0E8812475598E00E0BA60 /* ChartTableScreen */ = {
			isa = PBXGroup;
			children = (
				F0D0E88724755C1800E0BA60 /* ChartTableScreenView.swift */,
				F0D0E88924755C2800E0BA60 /* ChartTableScreenViewController.swift */,
			);
			path = ChartTableScreen;
			sourceTree = "<group>";
		};
		F0D0E88B24756CCD00E0BA60 /* Utilities */ = {
			isa = PBXGroup;
			children = (
				F0D0E88D24756CDC00E0BA60 /* Protocols */,
				F0D0E88C24756CD700E0BA60 /* Extensions */,
			);
			path = Utilities;
			sourceTree = "<group>";
		};
		F0D0E88C24756CD700E0BA60 /* Extensions */ = {
			isa = PBXGroup;
			children = (
				F0D0E89124757C4900E0BA60 /* UIView+Ext.swift */,
			);
			path = Extensions;
			sourceTree = "<group>";
		};
		F0D0E88D24756CDC00E0BA60 /* Protocols */ = {
			isa = PBXGroup;
			children = (
			);
			path = Protocols;
			sourceTree = "<group>";
		};
		F0D0E8932475860900E0BA60 /* SideMenu */ = {
			isa = PBXGroup;
			children = (
			);
			path = SideMenu;
			sourceTree = "<group>";
		};
/* End PBXGroup section */

/* Begin PBXNativeTarget section */
		F0B3FE6D247439AF00DA0B60 /* FeatureImplTest */ = {
			isa = PBXNativeTarget;
			buildConfigurationList = F0B3FE82247439B000DA0B60 /* Build configuration list for PBXNativeTarget "FeatureImplTest" */;
			buildPhases = (
				7C0EFAA15FD3FA080C132A34 /* [CP] Check Pods Manifest.lock */,
				F0B3FE6A247439AF00DA0B60 /* Sources */,
				F0B3FE6B247439AF00DA0B60 /* Frameworks */,
				F0B3FE6C247439AF00DA0B60 /* Resources */,
				775510582E3F5A1AEF6524DF /* [CP] Embed Pods Frameworks */,
				F0B3FE872474558500DA0B60 /* ShellScript */,
			);
			buildRules = (
			);
			dependencies = (
			);
			name = FeatureImplTest;
			productName = FeatureImplTest;
			productReference = F0B3FE6E247439AF00DA0B60 /* FeatureImplTest.app */;
			productType = "com.apple.product-type.application";
		};
/* End PBXNativeTarget section */

/* Begin PBXProject section */
		F0B3FE66247439AF00DA0B60 /* Project object */ = {
			isa = PBXProject;
			attributes = {
				LastSwiftUpdateCheck = 1140;
				LastUpgradeCheck = 1140;
				ORGANIZATIONNAME = "Hugo Flores Perez";
				TargetAttributes = {
					F0B3FE6D247439AF00DA0B60 = {
						CreatedOnToolsVersion = 11.4.1;
					};
				};
			};
			buildConfigurationList = F0B3FE69247439AF00DA0B60 /* Build configuration list for PBXProject "FeatureImplTest" */;
			compatibilityVersion = "Xcode 9.3";
			developmentRegion = en;
			hasScannedForEncodings = 0;
			knownRegions = (
				en,
				Base,
			);
			mainGroup = F0B3FE65247439AF00DA0B60;
			productRefGroup = F0B3FE6F247439AF00DA0B60 /* Products */;
			projectDirPath = "";
			projectRoot = "";
			targets = (
				F0B3FE6D247439AF00DA0B60 /* FeatureImplTest */,
			);
		};
/* End PBXProject section */

/* Begin PBXResourcesBuildPhase section */
		F0B3FE6C247439AF00DA0B60 /* Resources */ = {
			isa = PBXResourcesBuildPhase;
			buildActionMask = 2147483647;
			files = (
				F0B3FE7E247439B000DA0B60 /* LaunchScreen.storyboard in Resources */,
				F0B3FE7B247439B000DA0B60 /* Assets.xcassets in Resources */,
			);
			runOnlyForDeploymentPostprocessing = 0;
		};
/* End PBXResourcesBuildPhase section */

/* Begin PBXShellScriptBuildPhase section */
		775510582E3F5A1AEF6524DF /* [CP] Embed Pods Frameworks */ = {
			isa = PBXShellScriptBuildPhase;
			buildActionMask = 2147483647;
			files = (
			);
			inputFileListPaths = (
				"${PODS_ROOT}/Target Support Files/Pods-FeatureImplTest/Pods-FeatureImplTest-frameworks-${CONFIGURATION}-input-files.xcfilelist",
			);
			name = "[CP] Embed Pods Frameworks";
			outputFileListPaths = (
				"${PODS_ROOT}/Target Support Files/Pods-FeatureImplTest/Pods-FeatureImplTest-frameworks-${CONFIGURATION}-output-files.xcfilelist",
			);
			runOnlyForDeploymentPostprocessing = 0;
			shellPath = /bin/sh;
			shellScript = "\"${PODS_ROOT}/Target Support Files/Pods-FeatureImplTest/Pods-FeatureImplTest-frameworks.sh\"\n";
			showEnvVarsInLog = 0;
		};
		7C0EFAA15FD3FA080C132A34 /* [CP] Check Pods Manifest.lock */ = {
			isa = PBXShellScriptBuildPhase;
			buildActionMask = 2147483647;
			files = (
			);
			inputFileListPaths = (
			);
			inputPaths = (
				"${PODS_PODFILE_DIR_PATH}/Podfile.lock",
				"${PODS_ROOT}/Manifest.lock",
			);
			name = "[CP] Check Pods Manifest.lock";
			outputFileListPaths = (
			);
			outputPaths = (
				"$(DERIVED_FILE_DIR)/Pods-FeatureImplTest-checkManifestLockResult.txt",
			);
			runOnlyForDeploymentPostprocessing = 0;
			shellPath = /bin/sh;
			shellScript = "diff \"${PODS_PODFILE_DIR_PATH}/Podfile.lock\" \"${PODS_ROOT}/Manifest.lock\" > /dev/null\nif [ $? != 0 ] ; then\n    # print error to STDERR\n    echo \"error: The sandbox is not in sync with the Podfile.lock. Run 'pod install' or update your CocoaPods installation.\" >&2\n    exit 1\nfi\n# This output is used by Xcode 'outputs' to avoid re-running this script phase.\necho \"SUCCESS\" > \"${SCRIPT_OUTPUT_FILE_0}\"\n";
			showEnvVarsInLog = 0;
		};
		F0B3FE872474558500DA0B60 /* ShellScript */ = {
			isa = PBXShellScriptBuildPhase;
			buildActionMask = 2147483647;
			files = (
			);
			inputFileListPaths = (
			);
			inputPaths = (
			);
			outputFileListPaths = (
			);
			outputPaths = (
			);
			runOnlyForDeploymentPostprocessing = 0;
			shellPath = /bin/sh;
			shellScript = "# Type a script or drag a script file from your workspace to insert its path.\n\"${PODS_ROOT}/SwiftLint/swiftlint\"\n";
		};
/* End PBXShellScriptBuildPhase section */

/* Begin PBXSourcesBuildPhase section */
		F0B3FE6A247439AF00DA0B60 /* Sources */ = {
			isa = PBXSourcesBuildPhase;
			buildActionMask = 2147483647;
			files = (
				F0D0E88A24755C2800E0BA60 /* ChartTableScreenViewController.swift in Sources */,
				F0D0E88424755B3800E0BA60 /* MapScreenController.swift in Sources */,
				F0B3FE76247439AF00DA0B60 /* LaunchingController.swift in Sources */,
				F0B3FE72247439AF00DA0B60 /* AppDelegate.swift in Sources */,
				F0D0E89224757C4900E0BA60 /* UIView+Ext.swift in Sources */,
				F0D0E88624755B4500E0BA60 /* MapScreenView.swift in Sources */,
				F0D0E88824755C1800E0BA60 /* ChartTableScreenView.swift in Sources */,
			);
			runOnlyForDeploymentPostprocessing = 0;
		};
/* End PBXSourcesBuildPhase section */

/* Begin PBXVariantGroup section */
		F0B3FE7C247439B000DA0B60 /* LaunchScreen.storyboard */ = {
			isa = PBXVariantGroup;
			children = (
				F0B3FE7D247439B000DA0B60 /* Base */,
			);
			name = LaunchScreen.storyboard;
			sourceTree = "<group>";
		};
/* End PBXVariantGroup section */

/* Begin XCBuildConfiguration section */
		F0B3FE80247439B000DA0B60 /* Debug */ = {
			isa = XCBuildConfiguration;
			buildSettings = {
				ALWAYS_SEARCH_USER_PATHS = NO;
				CLANG_ANALYZER_NONNULL = YES;
				CLANG_ANALYZER_NUMBER_OBJECT_CONVERSION = YES_AGGRESSIVE;
				CLANG_CXX_LANGUAGE_STANDARD = "gnu++14";
				CLANG_CXX_LIBRARY = "libc++";
				CLANG_ENABLE_MODULES = YES;
				CLANG_ENABLE_OBJC_ARC = YES;
				CLANG_ENABLE_OBJC_WEAK = YES;
				CLANG_WARN_BLOCK_CAPTURE_AUTORELEASING = YES;
				CLANG_WARN_BOOL_CONVERSION = YES;
				CLANG_WARN_COMMA = YES;
				CLANG_WARN_CONSTANT_CONVERSION = YES;
				CLANG_WARN_DEPRECATED_OBJC_IMPLEMENTATIONS = YES;
				CLANG_WARN_DIRECT_OBJC_ISA_USAGE = YES_ERROR;
				CLANG_WARN_DOCUMENTATION_COMMENTS = YES;
				CLANG_WARN_EMPTY_BODY = YES;
				CLANG_WARN_ENUM_CONVERSION = YES;
				CLANG_WARN_INFINITE_RECURSION = YES;
				CLANG_WARN_INT_CONVERSION = YES;
				CLANG_WARN_NON_LITERAL_NULL_CONVERSION = YES;
				CLANG_WARN_OBJC_IMPLICIT_RETAIN_SELF = YES;
				CLANG_WARN_OBJC_LITERAL_CONVERSION = YES;
				CLANG_WARN_OBJC_ROOT_CLASS = YES_ERROR;
				CLANG_WARN_RANGE_LOOP_ANALYSIS = YES;
				CLANG_WARN_STRICT_PROTOTYPES = YES;
				CLANG_WARN_SUSPICIOUS_MOVE = YES;
				CLANG_WARN_UNGUARDED_AVAILABILITY = YES_AGGRESSIVE;
				CLANG_WARN_UNREACHABLE_CODE = YES;
				CLANG_WARN__DUPLICATE_METHOD_MATCH = YES;
				COPY_PHASE_STRIP = NO;
				DEBUG_INFORMATION_FORMAT = dwarf;
				ENABLE_STRICT_OBJC_MSGSEND = YES;
				ENABLE_TESTABILITY = YES;
				GCC_C_LANGUAGE_STANDARD = gnu11;
				GCC_DYNAMIC_NO_PIC = NO;
				GCC_NO_COMMON_BLOCKS = YES;
				GCC_OPTIMIZATION_LEVEL = 0;
				GCC_PREPROCESSOR_DEFINITIONS = (
					"DEBUG=1",
					"$(inherited)",
				);
				GCC_WARN_64_TO_32_BIT_CONVERSION = YES;
				GCC_WARN_ABOUT_RETURN_TYPE = YES_ERROR;
				GCC_WARN_UNDECLARED_SELECTOR = YES;
				GCC_WARN_UNINITIALIZED_AUTOS = YES_AGGRESSIVE;
				GCC_WARN_UNUSED_FUNCTION = YES;
				GCC_WARN_UNUSED_VARIABLE = YES;
				IPHONEOS_DEPLOYMENT_TARGET = 13.4;
				MTL_ENABLE_DEBUG_INFO = INCLUDE_SOURCE;
				MTL_FAST_MATH = YES;
				ONLY_ACTIVE_ARCH = YES;
				SDKROOT = iphoneos;
				SWIFT_ACTIVE_COMPILATION_CONDITIONS = DEBUG;
				SWIFT_OPTIMIZATION_LEVEL = "-Onone";
			};
			name = Debug;
		};
		F0B3FE81247439B000DA0B60 /* Release */ = {
			isa = XCBuildConfiguration;
			buildSettings = {
				ALWAYS_SEARCH_USER_PATHS = NO;
				CLANG_ANALYZER_NONNULL = YES;
				CLANG_ANALYZER_NUMBER_OBJECT_CONVERSION = YES_AGGRESSIVE;
				CLANG_CXX_LANGUAGE_STANDARD = "gnu++14";
				CLANG_CXX_LIBRARY = "libc++";
				CLANG_ENABLE_MODULES = YES;
				CLANG_ENABLE_OBJC_ARC = YES;
				CLANG_ENABLE_OBJC_WEAK = YES;
				CLANG_WARN_BLOCK_CAPTURE_AUTORELEASING = YES;
				CLANG_WARN_BOOL_CONVERSION = YES;
				CLANG_WARN_COMMA = YES;
				CLANG_WARN_CONSTANT_CONVERSION = YES;
				CLANG_WARN_DEPRECATED_OBJC_IMPLEMENTATIONS = YES;
				CLANG_WARN_DIRECT_OBJC_ISA_USAGE = YES_ERROR;
				CLANG_WARN_DOCUMENTATION_COMMENTS = YES;
				CLANG_WARN_EMPTY_BODY = YES;
				CLANG_WARN_ENUM_CONVERSION = YES;
				CLANG_WARN_INFINITE_RECURSION = YES;
				CLANG_WARN_INT_CONVERSION = YES;
				CLANG_WARN_NON_LITERAL_NULL_CONVERSION = YES;
				CLANG_WARN_OBJC_IMPLICIT_RETAIN_SELF = YES;
				CLANG_WARN_OBJC_LITERAL_CONVERSION = YES;
				CLANG_WARN_OBJC_ROOT_CLASS = YES_ERROR;
				CLANG_WARN_RANGE_LOOP_ANALYSIS = YES;
				CLANG_WARN_STRICT_PROTOTYPES = YES;
				CLANG_WARN_SUSPICIOUS_MOVE = YES;
				CLANG_WARN_UNGUARDED_AVAILABILITY = YES_AGGRESSIVE;
				CLANG_WARN_UNREACHABLE_CODE = YES;
				CLANG_WARN__DUPLICATE_METHOD_MATCH = YES;
				COPY_PHASE_STRIP = NO;
				DEBUG_INFORMATION_FORMAT = "dwarf-with-dsym";
				ENABLE_NS_ASSERTIONS = NO;
				ENABLE_STRICT_OBJC_MSGSEND = YES;
				GCC_C_LANGUAGE_STANDARD = gnu11;
				GCC_NO_COMMON_BLOCKS = YES;
				GCC_WARN_64_TO_32_BIT_CONVERSION = YES;
				GCC_WARN_ABOUT_RETURN_TYPE = YES_ERROR;
				GCC_WARN_UNDECLARED_SELECTOR = YES;
				GCC_WARN_UNINITIALIZED_AUTOS = YES_AGGRESSIVE;
				GCC_WARN_UNUSED_FUNCTION = YES;
				GCC_WARN_UNUSED_VARIABLE = YES;
				IPHONEOS_DEPLOYMENT_TARGET = 13.4;
				MTL_ENABLE_DEBUG_INFO = NO;
				MTL_FAST_MATH = YES;
				SDKROOT = iphoneos;
				SWIFT_COMPILATION_MODE = wholemodule;
				SWIFT_OPTIMIZATION_LEVEL = "-O";
				VALIDATE_PRODUCT = YES;
			};
			name = Release;
		};
		F0B3FE83247439B000DA0B60 /* Debug */ = {
			isa = XCBuildConfiguration;
			baseConfigurationReference = 0283A61BB7E0A278BD6B9D44 /* Pods-FeatureImplTest.debug.xcconfig */;
			buildSettings = {
				ASSETCATALOG_COMPILER_APPICON_NAME = AppIcon;
				CODE_SIGN_STYLE = Automatic;
				INFOPLIST_FILE = "FeatureImplTest/Supporting Files/Info.plist";
				LD_RUNPATH_SEARCH_PATHS = (
					"$(inherited)",
					"@executable_path/Frameworks",
				);
				PRODUCT_BUNDLE_IDENTIFIER = com.hfp.FeatureImplTest;
				PRODUCT_NAME = "$(TARGET_NAME)";
				SWIFT_VERSION = 5.0;
				TARGETED_DEVICE_FAMILY = "1,2";
			};
			name = Debug;
		};
		F0B3FE84247439B000DA0B60 /* Release */ = {
			isa = XCBuildConfiguration;
			baseConfigurationReference = 88F44C5502CF809E1D913F6C /* Pods-FeatureImplTest.release.xcconfig */;
			buildSettings = {
				ASSETCATALOG_COMPILER_APPICON_NAME = AppIcon;
				CODE_SIGN_STYLE = Automatic;
				INFOPLIST_FILE = "FeatureImplTest/Supporting Files/Info.plist";
				LD_RUNPATH_SEARCH_PATHS = (
					"$(inherited)",
					"@executable_path/Frameworks",
				);
				PRODUCT_BUNDLE_IDENTIFIER = com.hfp.FeatureImplTest;
				PRODUCT_NAME = "$(TARGET_NAME)";
				SWIFT_VERSION = 5.0;
				TARGETED_DEVICE_FAMILY = "1,2";
			};
			name = Release;
		};
/* End XCBuildConfiguration section */

/* Begin XCConfigurationList section */
		F0B3FE69247439AF00DA0B60 /* Build configuration list for PBXProject "FeatureImplTest" */ = {
			isa = XCConfigurationList;
			buildConfigurations = (
				F0B3FE80247439B000DA0B60 /* Debug */,
				F0B3FE81247439B000DA0B60 /* Release */,
			);
			defaultConfigurationIsVisible = 0;
			defaultConfigurationName = Release;
		};
		F0B3FE82247439B000DA0B60 /* Build configuration list for PBXNativeTarget "FeatureImplTest" */ = {
			isa = XCConfigurationList;
			buildConfigurations = (
				F0B3FE83247439B000DA0B60 /* Debug */,
				F0B3FE84247439B000DA0B60 /* Release */,
			);
			defaultConfigurationIsVisible = 0;
			defaultConfigurationName = Release;
		};
/* End XCConfigurationList section */
	};
	rootObject = F0B3FE66247439AF00DA0B60 /* Project object */;
}
